
Microsoft Visual Studio Solution File, Format Version 12.00
# Visual Studio 15
VisualStudioVersion = 15.0.27604.0
MinimumVisualStudioVersion = 10.0.40219.1
Project("{8BC9CEB8-8B4A-11D0-8D11-00A0C91BC942}") = "XATF", "XATF.vcxproj", "{213000E0-0A31-4C37-BC69-F4FB7870B5EA}"
EndProject
Global
	GlobalSection(SolutionConfigurationPlatforms) = preSolution
		Debug|x64 = Debug|x64
		Debug|x86 = Debug|x86
		Release|x64 = Release|x64
		Release|x86 = Release|x86
	EndGlobalSection
	GlobalSection(ProjectConfigurationPlatforms) = postSolution
		{213000E0-0A31-4C37-BC69-F4FB7870B5EA}.Debug|x64.ActiveCfg = Debug|x64
		{213000E0-0A31-4C37-BC69-F4FB7870B5EA}.Debug|x64.Build.0 = Debug|x64
		{213000E0-0A31-4C37-BC69-F4FB7870B5EA}.Debug|x86.ActiveCfg = Debug|Win32
		{213000E0-0A31-4C37-BC69-F4FB7870B5EA}.Debug|x86.Build.0 = Debug|Win32
		{213000E0-0A31-4C37-BC69-F4FB7870B5EA}.Release|x64.ActiveCfg = Release|x64
		{213000E0-0A31-4C37-BC69-F4FB7870B5EA}.Release|x64.Build.0 = Release|x64
		{213000E0-0A31-4C37-BC69-F4FB7870B5EA}.Release|x86.ActiveCfg = Release|Win32
		{213000E0-0A31-4C37-BC69-F4FB7870B5EA}.Release|x86.Build.0 = Release|Win32
	EndGlobalSection
	GlobalSection(SolutionProperties) = preSolution
		HideSolutionNode = FALSE
	EndGlobalSection
	GlobalSection(ExtensibilityGlobals) = postSolution
		SolutionGuid = {D966C4C5-05AC-48C7-8F1C-56BB44B7D6D3}
	EndGlobalSection
EndGlobal
